
Microsoft Visual Studio Solution File, Format Version 12.00
# Visual Studio 2012
Project("{FAE04EC0-301F-11D3-BF4B-00C04F79EFBC}") = "Hanbo.Image.Grab", "Hanbo.Image.Grab\Hanbo.Image.Grab.csproj", "{11EE3837-FCAB-4492-B7C8-333429EA6D1C}"
EndProject
Project("{2150E333-8FDC-42A3-9474-1A3956D46DE8}") = ".nuget", ".nuget", "{657BC5F5-BAEA-411E-92F2-FF8905E8DC71}"
	ProjectSection(SolutionItems) = preProject
		.nuget\NuGet.Config = .nuget\NuGet.Config
		.nuget\NuGet.exe = .nuget\NuGet.exe
		.nuget\NuGet.targets = .nuget\NuGet.targets
	EndProjectSection
EndProject
Project("{FAE04EC0-301F-11D3-BF4B-00C04F79EFBC}") = "Hanbo.Image.Grab.Test", "..\Hanbo.Image.Grab.Test\Hanbo.Image.Grab.Test.csproj", "{904693DB-6E13-443D-809B-A0CF1A971188}"
EndProject
Project("{2150E333-8FDC-42A3-9474-1A3956D46DE8}") = "Lib", "Lib", "{566FF7A9-F075-4C61-B465-182DBC7EE18F}"
EndProject
Project("{FAE04EC0-301F-11D3-BF4B-00C04F79EFBC}") = "Hanbo.Configuration.Settings", "..\Common\Hanbo.Configuration.Settings\Hanbo.Configuration.Settings.csproj", "{D3F62B01-465C-4FF3-9AE7-5E4EB14F2AAC}"
EndProject
Project("{FAE04EC0-301F-11D3-BF4B-00C04F79EFBC}") = "Hanbo.Extensions", "..\Common\Hanbo.Extensions\Hanbo.Extensions.csproj", "{8EF04C32-1282-4008-A062-E34BA0750459}"
EndProject
Global
	GlobalSection(SolutionConfigurationPlatforms) = preSolution
		Debug|Any CPU = Debug|Any CPU
		Release|Any CPU = Release|Any CPU
	EndGlobalSection
	GlobalSection(ProjectConfigurationPlatforms) = postSolution
		{11EE3837-FCAB-4492-B7C8-333429EA6D1C}.Debug|Any CPU.ActiveCfg = Debug|Any CPU
		{11EE3837-FCAB-4492-B7C8-333429EA6D1C}.Debug|Any CPU.Build.0 = Debug|Any CPU
		{11EE3837-FCAB-4492-B7C8-333429EA6D1C}.Release|Any CPU.ActiveCfg = Release|Any CPU
		{11EE3837-FCAB-4492-B7C8-333429EA6D1C}.Release|Any CPU.Build.0 = Release|Any CPU
		{904693DB-6E13-443D-809B-A0CF1A971188}.Debug|Any CPU.ActiveCfg = Debug|Any CPU
		{904693DB-6E13-443D-809B-A0CF1A971188}.Debug|Any CPU.Build.0 = Debug|Any CPU
		{904693DB-6E13-443D-809B-A0CF1A971188}.Release|Any CPU.ActiveCfg = Release|Any CPU
		{904693DB-6E13-443D-809B-A0CF1A971188}.Release|Any CPU.Build.0 = Release|Any CPU
		{D3F62B01-465C-4FF3-9AE7-5E4EB14F2AAC}.Debug|Any CPU.ActiveCfg = Debug|Any CPU
		{D3F62B01-465C-4FF3-9AE7-5E4EB14F2AAC}.Debug|Any CPU.Build.0 = Debug|Any CPU
		{D3F62B01-465C-4FF3-9AE7-5E4EB14F2AAC}.Release|Any CPU.ActiveCfg = Release|Any CPU
		{D3F62B01-465C-4FF3-9AE7-5E4EB14F2AAC}.Release|Any CPU.Build.0 = Release|Any CPU
		{8EF04C32-1282-4008-A062-E34BA0750459}.Debug|Any CPU.ActiveCfg = Debug|Any CPU
		{8EF04C32-1282-4008-A062-E34BA0750459}.Debug|Any CPU.Build.0 = Debug|Any CPU
		{8EF04C32-1282-4008-A062-E34BA0750459}.Release|Any CPU.ActiveCfg = Release|Any CPU
		{8EF04C32-1282-4008-A062-E34BA0750459}.Release|Any CPU.Build.0 = Release|Any CPU
	EndGlobalSection
	GlobalSection(SolutionProperties) = preSolution
		HideSolutionNode = FALSE
	EndGlobalSection
	GlobalSection(NestedProjects) = preSolution
		{D3F62B01-465C-4FF3-9AE7-5E4EB14F2AAC} = {566FF7A9-F075-4C61-B465-182DBC7EE18F}
		{8EF04C32-1282-4008-A062-E34BA0750459} = {566FF7A9-F075-4C61-B465-182DBC7EE18F}
	EndGlobalSection
EndGlobal
